
Microsoft Visual Studio Solution File, Format Version 12.00
# Visual Studio Version 17
VisualStudioVersion = 17.0.31912.275
MinimumVisualStudioVersion = 10.0.40219.1
Project("{FAE04EC0-301F-11D3-BF4B-00C04F79EFBC}") = "EsempioArchitettura", "EsempioArchitettura\EsempioArchitettura.csproj", "{5C609877-6B36-4443-A7D3-60CE40B3DE41}"
EndProject
Global
	GlobalSection(SolutionConfigurationPlatforms) = preSolution
		Debug|Any CPU = Debug|Any CPU
		Release|Any CPU = Release|Any CPU
	EndGlobalSection
	GlobalSection(ProjectConfigurationPlatforms) = postSolution
		{5C609877-6B36-4443-A7D3-60CE40B3DE41}.Debug|Any CPU.ActiveCfg = Debug|Any CPU
		{5C609877-6B36-4443-A7D3-60CE40B3DE41}.Debug|Any CPU.Build.0 = Debug|Any CPU
		{5C609877-6B36-4443-A7D3-60CE40B3DE41}.Release|Any CPU.ActiveCfg = Release|Any CPU
		{5C609877-6B36-4443-A7D3-60CE40B3DE41}.Release|Any CPU.Build.0 = Release|Any CPU
	EndGlobalSection
	GlobalSection(SolutionProperties) = preSolution
		HideSolutionNode = FALSE
	EndGlobalSection
	GlobalSection(ExtensibilityGlobals) = postSolution
		SolutionGuid = {CE59E585-D648-44FF-94A9-B3DEB413CB7F}
	EndGlobalSection
EndGlobal
